version: v2
locks:
  f/ddjj/calcular_periodo_minimo: 0ba30203da1ed02492551b48cf518cbd85cdbe8d09e71b14cc0dc234afb4f198
  f/ddjj/create_formio_submission: 631539b292c5f741efa6b24b532b481b53c3a334421ac7a68720f2122fe84738
  f/ddjj/fetch_alicuota: 68f3fab15336c288678c5a2010d1f68f285838a6db1dfd4fb0b5020bd247d389
  f/ddjj/fetch_historial: 1d6938a12af53cb32adc70f3d2b47fa4a21ec9154e0a906a6e8ea6fa42a27fe9
  f/ddjj/fetch_padron: ba052662fea1c853fb2945759973af1679882c1d1c79cf11325aca2a5b3d8817
  f/ddjj/fetch_periodos_adeudados: be735eb196e707513706bfccb14b0ebd673076486a5830c95f2667aa6821f53e
  f/ddjj/init_ddjj__flow+__flow_hash: 9ec607d874e5bc881f0aba6f56e419988b28cf19f4cb57e22f623d983cac6d82
  f/ddjj/init_ddjj__flow+calculate_minimum_amount.ts: 44136fa355b3678a1146ad16f7e8649e94fb4fc21fe77e8310c060f61caaff8a
  f/ddjj/init_ddjj__flow+create_form.io_submission.ts: 44136fa355b3678a1146ad16f7e8649e94fb4fc21fe77e8310c060f61caaff8a
  f/ddjj/init_ddjj__flow+fetch_alicuota_by_activity_code.ts: 44136fa355b3678a1146ad16f7e8649e94fb4fc21fe77e8310c060f61caaff8a
  f/ddjj/init_ddjj__flow+fetch_historical_ddjj_data.ts: 44136fa355b3678a1146ad16f7e8649e94fb4fc21fe77e8310c060f61caaff8a
  f/ddjj/init_ddjj__flow+fetch_outstanding_periods.ts: 44136fa355b3678a1146ad16f7e8649e94fb4fc21fe77e8310c060f61caaff8a
  f/ddjj/init_ddjj__flow+fetch_padron_data_from_mockoon.ts: 44136fa355b3678a1146ad16f7e8649e94fb4fc21fe77e8310c060f61caaff8a
  f/ddjj/init_ddjj__flow+parse_jwt_and_extract_cuit.ts: 44136fa355b3678a1146ad16f7e8649e94fb4fc21fe77e8310c060f61caaff8a
  f/ddjj/init_ddjj.flow+__flow_hash: 68cb6af24994ded8f232eeea4e95a3e431f854d859ac001413d337ad52439377
  f/ddjj/init_ddjj.flow+calculate_minimum_amount.inline_script.ts: 44136fa355b3678a1146ad16f7e8649e94fb4fc21fe77e8310c060f61caaff8a
  f/ddjj/init_ddjj.flow+create_form.io_submission.inline_script.ts: 44136fa355b3678a1146ad16f7e8649e94fb4fc21fe77e8310c060f61caaff8a
  f/ddjj/init_ddjj.flow+fetch_alicuota_by_activity_code.inline_script.ts: 44136fa355b3678a1146ad16f7e8649e94fb4fc21fe77e8310c060f61caaff8a
  f/ddjj/init_ddjj.flow+fetch_historical_ddjj_data.inline_script.ts: 44136fa355b3678a1146ad16f7e8649e94fb4fc21fe77e8310c060f61caaff8a
  f/ddjj/init_ddjj.flow+fetch_outstanding_periods.inline_script.ts: 44136fa355b3678a1146ad16f7e8649e94fb4fc21fe77e8310c060f61caaff8a
  f/ddjj/init_ddjj.flow+fetch_padron_data_from_mockoon.inline_script.ts: 44136fa355b3678a1146ad16f7e8649e94fb4fc21fe77e8310c060f61caaff8a
  f/ddjj/init_ddjj.flow+parse_jwt_and_extract_cuit.inline_script.ts: 44136fa355b3678a1146ad16f7e8649e94fb4fc21fe77e8310c060f61caaff8a
  f/ddjj/parse_jwt: 33752319357772cfed617de17993a2e56c22f86f033fb9d18fa8a0c9a1c32a26
  u/admin2/educated_script: 593690639bf0249134bf6a4cb54235b1edba6fb7071adc458369921e053536dc
  u/admin2/galore_script: eb9cab8e14e39636b533a88cf4e4fa4d198410c4ca7f09ce431d0709dca355e6
