version: v2
locks:
  f/config/get_user_config: d3180deb62294a644dd9d20ac0853553d28aa8f431b8a8fbf5fa04533c30d1a5
  f/ddjj/calcular_periodo_minimo: 0ba30203da1ed02492551b48cf518cbd85cdbe8d09e71b14cc0dc234afb4f198
  f/ddjj/create_formio_submission: b89d8f017d1a27089a9ccbb36ee5bc7030170f98f3a7aae8ee185ba6e46142cf
  f/ddjj/fetch_alicuota: 68f3fab15336c288678c5a2010d1f68f285838a6db1dfd4fb0b5020bd247d389
  f/ddjj/fetch_historial: 1d6938a12af53cb32adc70f3d2b47fa4a21ec9154e0a906a6e8ea6fa42a27fe9
  f/ddjj/fetch_padron: ba052662fea1c853fb2945759973af1679882c1d1c79cf11325aca2a5b3d8817
  f/ddjj/fetch_periodos_adeudados: be735eb196e707513706bfccb14b0ebd673076486a5830c95f2667aa6821f53e
  f/ddjj/generate_test_jwt: f5d7329c8265b9791466ef505c82b6882edb48040a91161d7f9a5b71abe17eec
  f/ddjj/init_ddjj__flow+__flow_hash: 9ec607d874e5bc881f0aba6f56e419988b28cf19f4cb57e22f623d983cac6d82
  f/ddjj/init_ddjj__flow+calculate_minimum_amount.ts: 44136fa355b3678a1146ad16f7e8649e94fb4fc21fe77e8310c060f61caaff8a
  f/ddjj/init_ddjj__flow+create_form.io_submission.ts: 44136fa355b3678a1146ad16f7e8649e94fb4fc21fe77e8310c060f61caaff8a
  f/ddjj/init_ddjj__flow+fetch_alicuota_by_activity_code.ts: 44136fa355b3678a1146ad16f7e8649e94fb4fc21fe77e8310c060f61caaff8a
  f/ddjj/init_ddjj__flow+fetch_historical_ddjj_data.ts: 44136fa355b3678a1146ad16f7e8649e94fb4fc21fe77e8310c060f61caaff8a
  f/ddjj/init_ddjj__flow+fetch_outstanding_periods.ts: 44136fa355b3678a1146ad16f7e8649e94fb4fc21fe77e8310c060f61caaff8a
  f/ddjj/init_ddjj__flow+fetch_padron_data_from_mockoon.ts: 44136fa355b3678a1146ad16f7e8649e94fb4fc21fe77e8310c060f61caaff8a
  f/ddjj/init_ddjj__flow+parse_jwt_and_extract_cuit.ts: 44136fa355b3678a1146ad16f7e8649e94fb4fc21fe77e8310c060f61caaff8a
  f/ddjj/init_ddjj.flow+__flow_hash: 68cb6af24994ded8f232eeea4e95a3e431f854d859ac001413d337ad52439377
  f/ddjj/init_ddjj.flow+calculate_minimum_amount.inline_script.ts: 44136fa355b3678a1146ad16f7e8649e94fb4fc21fe77e8310c060f61caaff8a
  f/ddjj/init_ddjj.flow+create_form.io_submission.inline_script.ts: 44136fa355b3678a1146ad16f7e8649e94fb4fc21fe77e8310c060f61caaff8a
  f/ddjj/init_ddjj.flow+fetch_alicuota_by_activity_code.inline_script.ts: 44136fa355b3678a1146ad16f7e8649e94fb4fc21fe77e8310c060f61caaff8a
  f/ddjj/init_ddjj.flow+fetch_historical_ddjj_data.inline_script.ts: 44136fa355b3678a1146ad16f7e8649e94fb4fc21fe77e8310c060f61caaff8a
  f/ddjj/init_ddjj.flow+fetch_outstanding_periods.inline_script.ts: 44136fa355b3678a1146ad16f7e8649e94fb4fc21fe77e8310c060f61caaff8a
  f/ddjj/init_ddjj.flow+fetch_padron_data_from_mockoon.inline_script.ts: 44136fa355b3678a1146ad16f7e8649e94fb4fc21fe77e8310c060f61caaff8a
  f/ddjj/init_ddjj.flow+parse_jwt_and_extract_cuit.inline_script.ts: 44136fa355b3678a1146ad16f7e8649e94fb4fc21fe77e8310c060f61caaff8a
  f/ddjj/init_ddjj/parse_jwt: a49b525ef0f4807fd8c4572dd9f7775c8586f7d086258c79d5c3a60ec8707891
  f/ddjj/parse_jwt: 465be44a3cd6332aff13fdc08c1451b040a100422674546a92ea51403b20620d
  f/ddjj/parse_jwt_deno: 1c8564262dc94b39315147a26c82275d00429f3982751e5384e840339a934194
  f/forms/init_form: d68a023adf806fe7df86ebad62ad40d7505872d2620252381f8c157b9f9271c5
  u/admin2/educated_script: 593690639bf0249134bf6a4cb54235b1edba6fb7071adc458369921e053536dc
  u/admin2/galore_script: eb9cab8e14e39636b533a88cf4e4fa4d198410c4ca7f09ce431d0709dca355e6
