version: v2
locks:
  f/api/get_form_init: 76d54f13002b61f5bfe13c87c2bec5626e5352de2355b7f78c838d53b2bd2aaa
  f/api/post_form_submit: 230a28980a7336cc4ecb40bc56bc1b8092eaeb214b7df606c9778a03ba1e6318
  f/api/post_form_validate: ed5ba4dffbad8f4030a44e04993e9c5253f6ed3647314c1296bef3b511815415
  f/form_lifecycle/init_flow__flow/+__flow_hash: a2a786652566880054935ff690595c7cbbbed2c48d5af0ae1a608f09fc5ffa8e
  f/form_lifecycle/init_flow__flow/+ardcodear_slug_del_formulario.ts: 11674e2ce10e1354fd970037c90c7add387c7739816314f02c6816b652e9f8aa
  f/form_lifecycle/init_flow__flow/+onstruir_respuesta_final.ts: 4633a9bd74d00848821cd7b88cb7a9d712c9f75461f7256339166c9d37b23c13
  f/form_lifecycle/init_flow__flow/+ransformar_json_del_formulario_con_datos_precargados.ts: 2ea301150d3ccd0f262446d89adc993c6b5af5a5e004d59f67b3fac0888c8212
  f/forms/create_form: 505930051469c98cf61c3ce7f3bb2438e29de4006a574022f732431388c90688
  f/forms/delete_form: f78a2fdfef4eba5ed1a7b8dfa44bc83103b08a93e9ca3ee89958866f5c901bc9
  f/forms/execute_hooks: ccf49fe7d532f4b0e064581ca1bc7898325f1204129ee0ea9f1184974f362547
  f/forms/find_or_create_submission: 6923b6c74e17aabb219f83c3c56561c0f02122cad5cfe1a712486011453eeae8
  f/forms/get_form: 6d93b652c5b7ec993b435b0b7169c4f6d422ebb156830e1aeb704d66222b4d70
  f/forms/get_runtime: a392b7e1d60e33c764aacfed619599311017c6b71aefa521b04802342412ec09
  f/forms/list_forms: 2211e59da37517a1a700477b56f07a266850dbfe10c27e415b86f19ac875eec5
  f/forms/save_submission: f1b552cc42e5e14526277418cdfab38be75826db36f0f92a0e2afa0c71daaf4a
  f/forms/update_form: 2bd83ed085272c098c43053122269e6f1403613c1b0afa678ef5db7faba022af
  f/plugins/ddjj/fetch_alicuota: 263804b52ebc900c21c5b9aca59ba8aaa42772a93d79749e9cb488aa703e42c8
  f/plugins/ddjj/fetch_historial: cec1a28b4677250a72ca7f9befa0c194b82ed856a1584536160962fb36086997
  f/plugins/ddjj/fetch_padron: 0a116e32e41e55b1f844cc383ec7a06056f8fe8634e699cf156f40be8cffacd2
  f/plugins/ddjj/fetch_periodos: 121125c25553a750e012b29edafe007bb7a0301fa20e820e781ff13dca3fbbe5
  f/plugins/ddjj/fetch_periodos_adeudados: 5a7b5f7d58658bd31f7039e5b770337916a1026404e7d95deeb4273640e52df7
  f/plugins/ddjj/generate_test_jwt: 9660966fe582007379af048260390e6c584358f7f85aea56d54fafaadd3ae87e
  f/plugins/ddjj/parse_jwt: 8d676c6a4b82c0c0914a7cec69cb738128143c39e42e7dcb34ab1ca13fb78cfc
  f/plugins/ddjj/send_to_backend: b6f6789bb1cad31705901788b8520bc55dd507e0fbd63150b176b5b6f00fdefa
  f/plugins/ddjj/validate_business_rules: 78077bfb39fe1c437abab7721a5751574cb66317ff0d9073952b0ac299bccda7
