{
    "name": "gestor_forms__raw_app",
    "lockfileVersion": 3,
    "requires": true,
    "packages": {
        "": {
            "dependencies": {
                "react": "19.0.0",
                "react-dom": "19.0.0",
                "survey-core": "^1.12.14",
                "survey-creator-core": "^1.12.14",
                "survey-creator-react": "^1.12.14",
                "survey-react-ui": "^1.12.14",
                "windmill-client": "^1"
            },
            "devDependencies": {
                "@types/react": "^19.0.0",
                "@types/react-dom": "^19.0.0"
            }
        },
        "node_modules/@types/react": {
            "version": "19.2.14",
            "resolved": "https://registry.npmjs.org/@types/react/-/react-19.2.14.tgz",
            "integrity": "sha512-ilcTH/UniCkMdtexkoCN0bI7pMcJDvmQFPvuPvmEaYA/NSfFTAgdUSLAoVjaRJm7+6PvcM+q1zYOwS4wTYMF9w==",
            "dev": true,
            "license": "MIT",
            "dependencies": {
                "csstype": "^3.2.2"
            }
        },
        "node_modules/@types/react-dom": {
            "version": "19.2.3",
            "resolved": "https://registry.npmjs.org/@types/react-dom/-/react-dom-19.2.3.tgz",
            "integrity": "sha512-jp2L/eY6fn+KgVVQAOqYItbF0VY/YApe5Mz2F0aykSO8gx31bYCZyvSeYxCHKvzHG5eZjc+zyaS5BrBWya2+kQ==",
            "dev": true,
            "license": "MIT",
            "peerDependencies": {
                "@types/react": "^19.2.0"
            }
        },
        "node_modules/csstype": {
            "version": "3.2.3",
            "resolved": "https://registry.npmjs.org/csstype/-/csstype-3.2.3.tgz",
            "integrity": "sha512-z1HGKcYy2xA8AGQfwrn0PAy+PB7X/GSj3UVJW9qKyn43xWa+gl5nXmU4qqLMRzWVLFC8KusUX8T/0kCiOYpAIQ==",
            "dev": true,
            "license": "MIT"
        },
        "node_modules/react": {
            "version": "19.0.0",
            "resolved": "https://registry.npmjs.org/react/-/react-19.0.0.tgz",
            "integrity": "sha512-V8AVnmPIICiWpGfm6GLzCR/W5FXLchHop40W4nXBmdlEceh16rCN8O8LNWm5bh5XUX91fh7KpA+W0TgMKmgTpQ==",
            "license": "MIT",
            "engines": {
                "node": ">=0.10.0"
            }
        },
        "node_modules/react-dom": {
            "version": "19.0.0",
            "resolved": "https://registry.npmjs.org/react-dom/-/react-dom-19.0.0.tgz",
            "integrity": "sha512-4GV5sHFG0e/0AD4X+ySy6UJd3jVl1iNsNHdpad0qhABJ11twS3TTBnseqsKurKcsNqCEFeGL3uLpVChpIO3QfQ==",
            "license": "MIT",
            "dependencies": {
                "scheduler": "^0.25.0"
            },
            "peerDependencies": {
                "react": "^19.0.0"
            }
        },
        "node_modules/scheduler": {
            "version": "0.25.0",
            "resolved": "https://registry.npmjs.org/scheduler/-/scheduler-0.25.0.tgz",
            "integrity": "sha512-xFVuu11jh+xcO7JOAGJNOXld8/TcEHK/4CituBUeUb5hqxJLj9YuemAEuvm9gQ/+pgXYfbQuqAkiYu+u7YEsNA==",
            "license": "MIT"
        },
        "node_modules/survey-core": {
            "version": "1.12.60",
            "resolved": "https://registry.npmjs.org/survey-core/-/survey-core-1.12.60.tgz",
            "integrity": "sha512-eUtH5C+HLsJ62lk/4qzWldmPCk1MxcG40G+o/CO0Le1E76EEF6klenus/nFZ2lKk7HpErSSIGor+L5z5ZsfGPg==",
            "license": "MIT"
        },
        "node_modules/survey-creator-core": {
            "version": "1.12.60",
            "resolved": "https://registry.npmjs.org/survey-creator-core/-/survey-creator-core-1.12.60.tgz",
            "integrity": "sha512-QTc9Ps4OESlYZ744vsQ4DLYLu5KvjRzel+i6+8GnH7M1I7PzMWquqfxGOZ1hID0MqPr5SG4kKk+QsoJT/NwRvQ==",
            "license": "https://surveyjs.io/Licenses#SurveyCreator",
            "engines": {
                "node": ">=0.10.0"
            },
            "peerDependencies": {
                "ace-builds": "^1.4.12",
                "survey-core": "1.12.60"
            },
            "peerDependenciesMeta": {
                "ace-builds": {
                    "optional": true
                }
            }
        },
        "node_modules/survey-creator-react": {
            "version": "1.12.60",
            "resolved": "https://registry.npmjs.org/survey-creator-react/-/survey-creator-react-1.12.60.tgz",
            "integrity": "sha512-wJrXPBgeV2WiXuIVXFgigVljf3OII+hlUrhLfKXG0v/hixvnB86c6gYkv/rr4FysagczWBEBt5BUvojZV+k7Aw==",
            "license": "https://surveyjs.io/Licenses#SurveyCreator",
            "engines": {
                "node": ">=0.10.0"
            },
            "peerDependencies": {
                "ace-builds": "^1.4.12",
                "react": "^16.5.0 || ^17.0.1 || ^18.1.0 || ^19.0.0",
                "react-dom": "^16.5.0 || ^17.0.1 || ^18.1.0 || ^19.0.0",
                "survey-core": "1.12.60",
                "survey-creator-core": "1.12.60",
                "survey-react-ui": "1.12.60"
            },
            "peerDependenciesMeta": {
                "ace-builds": {
                    "optional": true
                }
            }
        },
        "node_modules/survey-react-ui": {
            "version": "1.12.60",
            "resolved": "https://registry.npmjs.org/survey-react-ui/-/survey-react-ui-1.12.60.tgz",
            "integrity": "sha512-yz3gW2swE8n+8uqrzDQp0C0emkg2eioS6kUmsot3j7M94CxFg+KR2KJHJweqpk9w5f4sdPBBnKsFBBcFPYVlwQ==",
            "license": "MIT",
            "peerDependencies": {
                "react": "^16.5.0 || ^17.0.1 || ^18.2.0 || ^19.0.0",
                "react-dom": "^16.5.0 || ^17.0.1 || ^18.2.0 || ^19.0.0",
                "survey-core": "1.12.60"
            }
        },
        "node_modules/windmill-client": {
            "version": "1.654.0",
            "resolved": "https://registry.npmjs.org/windmill-client/-/windmill-client-1.654.0.tgz",
            "integrity": "sha512-0zOaP4D4VjLDoRUEpR1ZQ4Kk+jfbVh/TvfVNn71rg96z/4vUIzwJFFljhPEFi1h51oCfZ82YKoqAUV9Bg1S56Q==",
            "license": "Apache 2.0"
        }
    }
}
